
Microsoft Visual Studio Solution File, Format Version 12.00
# Visual Studio 14
VisualStudioVersion = 14.0.25420.1
MinimumVisualStudioVersion = 10.0.40219.1
Project("{2150E333-8FDC-42A3-9474-1A3956D46DE8}") = "database-api", "database-api", "{E30C8EC0-FFFB-4CF6-A070-9CFE246BA441}"
EndProject
Project("{2150E333-8FDC-42A3-9474-1A3956D46DE8}") = "public", "public", "{821D12C1-1149-44E4-B2A9-EF0CBD4A4E58}"
EndProject
Project("{8BB2217D-0F2D-49D1-97BC-3654ED321F3B}") = "esar-training", "esar-training\src\esar-training\esar-training.xproj", "{4FF907DA-949F-4EBF-A805-A59215F16A7A}"
EndProject
Project("{2150E333-8FDC-42A3-9474-1A3956D46DE8}") = "Auth", "Auth", "{FC59C841-07D1-40A6-A39A-4D183831D98F}"
EndProject
Project("{2150E333-8FDC-42A3-9474-1A3956D46DE8}") = "database-site", "database-site", "{1C6F4BFC-DA5C-4FA1-920F-D3025E134011}"
EndProject
Project("{FAE04EC0-301F-11D3-BF4B-00C04F79EFBC}") = "website", "full-database\src\website\website.csproj", "{08C9837D-088B-4942-B656-EBBAC783F850}"
EndProject
Project("{FAE04EC0-301F-11D3-BF4B-00C04F79EFBC}") = "Website.DefaultStrings", "full-database\src\website.DefaultStrings\Website.DefaultStrings.csproj", "{BAFA9145-D19C-4F31-9F1A-C937499E76D5}"
EndProject
Project("{FAE04EC0-301F-11D3-BF4B-00C04F79EFBC}") = "Unit.Extensions", "full-database\src\Unit.Extensions\Unit.Extensions.csproj", "{F56A1669-1009-4203-8045-C890F9F93A2E}"
EndProject
Project("{2150E333-8FDC-42A3-9474-1A3956D46DE8}") = "Extensions", "Extensions", "{FE5162CD-2C21-4718-A21A-A0D6268740F3}"
EndProject
Project("{FAE04EC0-301F-11D3-BF4B-00C04F79EFBC}") = "ESAR.Extensions", "full-database\ESAR.Extensions\ESAR.Extensions.csproj", "{89BAD345-1DDC-436E-8328-560C18CB92DD}"
EndProject
Project("{FAE04EC0-301F-11D3-BF4B-00C04F79EFBC}") = "SMR.Extensions", "full-database\SMR.Extensions\SMR.Extensions.csproj", "{8E1020A7-E2F4-4B62-8051-EF2935A90749}"
EndProject
Project("{FAE04EC0-301F-11D3-BF4B-00C04F79EFBC}") = "Services", "full-database\src\Services\Services.csproj", "{86765896-3EC5-4010-A28A-716EB64A31F1}"
EndProject
Project("{2150E333-8FDC-42A3-9474-1A3956D46DE8}") = "ESAR", "ESAR", "{8A194A46-197E-4F1B-9370-895EB7D96CBF}"
EndProject
Project("{FAE04EC0-301F-11D3-BF4B-00C04F79EFBC}") = "missionline-web", "esar-missionline\src\missionline-web\missionline-web.csproj", "{B2730484-AA1C-499C-A1D6-449C13A501EA}"
EndProject
Project("{FAE04EC0-301F-11D3-BF4B-00C04F79EFBC}") = "database-api", "full-database\src\database-api\database-api.csproj", "{0E98B7B5-73A5-44D0-BD64-C6313A84991E}"
EndProject
Project("{FAE04EC0-301F-11D3-BF4B-00C04F79EFBC}") = "database-model", "full-database\src\database-model\database-model.csproj", "{EAE01EC9-F91D-4B72-A648-6AC96E688CCE}"
EndProject
Project("{FAE04EC0-301F-11D3-BF4B-00C04F79EFBC}") = "database-services", "full-database\src\database-services\database-services.csproj", "{2E5C85DA-32F0-43F1-83ED-026867AA2A6D}"
EndProject
Project("{FAE04EC0-301F-11D3-BF4B-00C04F79EFBC}") = "auth-web", "full-database\src\auth-web\auth-web.csproj", "{F6BE5572-5E76-435F-B8F3-FC3B3EAF2DA7}"
EndProject
Project("{FAE04EC0-301F-11D3-BF4B-00C04F79EFBC}") = "database-api-client", "common\src\database-api-client\database-api-client.csproj", "{EBB4EB71-3979-4C7A-A838-090E47750CEA}"
EndProject
Project("{FAE04EC0-301F-11D3-BF4B-00C04F79EFBC}") = "web-api-common", "common\src\web-api-common\web-api-common.csproj", "{1D3FBAA4-8CB4-45F1-8709-AF2FF1940EBB}"
EndProject
Project("{FAE04EC0-301F-11D3-BF4B-00C04F79EFBC}") = "sar-common", "common\src\sar-common\sar-common.csproj", "{0291FA3F-BF88-4E6C-8F61-D9030D66228B}"
EndProject
Global
	GlobalSection(SolutionConfigurationPlatforms) = preSolution
		Debug|Any CPU = Debug|Any CPU
		Deploy|Any CPU = Deploy|Any CPU
		Release|Any CPU = Release|Any CPU
	EndGlobalSection
	GlobalSection(ProjectConfigurationPlatforms) = postSolution
		{4FF907DA-949F-4EBF-A805-A59215F16A7A}.Debug|Any CPU.ActiveCfg = Debug|Any CPU
		{4FF907DA-949F-4EBF-A805-A59215F16A7A}.Debug|Any CPU.Build.0 = Debug|Any CPU
		{4FF907DA-949F-4EBF-A805-A59215F16A7A}.Deploy|Any CPU.ActiveCfg = Debug|Any CPU
		{4FF907DA-949F-4EBF-A805-A59215F16A7A}.Deploy|Any CPU.Build.0 = Debug|Any CPU
		{4FF907DA-949F-4EBF-A805-A59215F16A7A}.Release|Any CPU.ActiveCfg = Release|Any CPU
		{4FF907DA-949F-4EBF-A805-A59215F16A7A}.Release|Any CPU.Build.0 = Release|Any CPU
		{08C9837D-088B-4942-B656-EBBAC783F850}.Debug|Any CPU.ActiveCfg = Debug|Any CPU
		{08C9837D-088B-4942-B656-EBBAC783F850}.Debug|Any CPU.Build.0 = Debug|Any CPU
		{08C9837D-088B-4942-B656-EBBAC783F850}.Deploy|Any CPU.ActiveCfg = Debug|Any CPU
		{08C9837D-088B-4942-B656-EBBAC783F850}.Deploy|Any CPU.Build.0 = Debug|Any CPU
		{08C9837D-088B-4942-B656-EBBAC783F850}.Release|Any CPU.ActiveCfg = Release|Any CPU
		{08C9837D-088B-4942-B656-EBBAC783F850}.Release|Any CPU.Build.0 = Release|Any CPU
		{BAFA9145-D19C-4F31-9F1A-C937499E76D5}.Debug|Any CPU.ActiveCfg = Debug|Any CPU
		{BAFA9145-D19C-4F31-9F1A-C937499E76D5}.Debug|Any CPU.Build.0 = Debug|Any CPU
		{BAFA9145-D19C-4F31-9F1A-C937499E76D5}.Deploy|Any CPU.ActiveCfg = Debug|Any CPU
		{BAFA9145-D19C-4F31-9F1A-C937499E76D5}.Deploy|Any CPU.Build.0 = Debug|Any CPU
		{BAFA9145-D19C-4F31-9F1A-C937499E76D5}.Release|Any CPU.ActiveCfg = Release|Any CPU
		{BAFA9145-D19C-4F31-9F1A-C937499E76D5}.Release|Any CPU.Build.0 = Release|Any CPU
		{F56A1669-1009-4203-8045-C890F9F93A2E}.Debug|Any CPU.ActiveCfg = Debug|Any CPU
		{F56A1669-1009-4203-8045-C890F9F93A2E}.Debug|Any CPU.Build.0 = Debug|Any CPU
		{F56A1669-1009-4203-8045-C890F9F93A2E}.Deploy|Any CPU.ActiveCfg = Debug|Any CPU
		{F56A1669-1009-4203-8045-C890F9F93A2E}.Deploy|Any CPU.Build.0 = Debug|Any CPU
		{F56A1669-1009-4203-8045-C890F9F93A2E}.Release|Any CPU.ActiveCfg = Release|Any CPU
		{F56A1669-1009-4203-8045-C890F9F93A2E}.Release|Any CPU.Build.0 = Release|Any CPU
		{89BAD345-1DDC-436E-8328-560C18CB92DD}.Debug|Any CPU.ActiveCfg = Debug|Any CPU
		{89BAD345-1DDC-436E-8328-560C18CB92DD}.Debug|Any CPU.Build.0 = Debug|Any CPU
		{89BAD345-1DDC-436E-8328-560C18CB92DD}.Deploy|Any CPU.ActiveCfg = Debug|Any CPU
		{89BAD345-1DDC-436E-8328-560C18CB92DD}.Deploy|Any CPU.Build.0 = Debug|Any CPU
		{89BAD345-1DDC-436E-8328-560C18CB92DD}.Release|Any CPU.ActiveCfg = Release|Any CPU
		{89BAD345-1DDC-436E-8328-560C18CB92DD}.Release|Any CPU.Build.0 = Release|Any CPU
		{8E1020A7-E2F4-4B62-8051-EF2935A90749}.Debug|Any CPU.ActiveCfg = Debug|Any CPU
		{8E1020A7-E2F4-4B62-8051-EF2935A90749}.Debug|Any CPU.Build.0 = Debug|Any CPU
		{8E1020A7-E2F4-4B62-8051-EF2935A90749}.Deploy|Any CPU.ActiveCfg = Debug|Any CPU
		{8E1020A7-E2F4-4B62-8051-EF2935A90749}.Deploy|Any CPU.Build.0 = Debug|Any CPU
		{8E1020A7-E2F4-4B62-8051-EF2935A90749}.Release|Any CPU.ActiveCfg = Release|Any CPU
		{8E1020A7-E2F4-4B62-8051-EF2935A90749}.Release|Any CPU.Build.0 = Release|Any CPU
		{86765896-3EC5-4010-A28A-716EB64A31F1}.Debug|Any CPU.ActiveCfg = Debug|Any CPU
		{86765896-3EC5-4010-A28A-716EB64A31F1}.Debug|Any CPU.Build.0 = Debug|Any CPU
		{86765896-3EC5-4010-A28A-716EB64A31F1}.Deploy|Any CPU.ActiveCfg = Debug|Any CPU
		{86765896-3EC5-4010-A28A-716EB64A31F1}.Deploy|Any CPU.Build.0 = Debug|Any CPU
		{86765896-3EC5-4010-A28A-716EB64A31F1}.Release|Any CPU.ActiveCfg = Release|Any CPU
		{86765896-3EC5-4010-A28A-716EB64A31F1}.Release|Any CPU.Build.0 = Release|Any CPU
		{B2730484-AA1C-499C-A1D6-449C13A501EA}.Debug|Any CPU.ActiveCfg = Debug|Any CPU
		{B2730484-AA1C-499C-A1D6-449C13A501EA}.Debug|Any CPU.Build.0 = Debug|Any CPU
		{B2730484-AA1C-499C-A1D6-449C13A501EA}.Deploy|Any CPU.ActiveCfg = Debug|Any CPU
		{B2730484-AA1C-499C-A1D6-449C13A501EA}.Deploy|Any CPU.Build.0 = Debug|Any CPU
		{B2730484-AA1C-499C-A1D6-449C13A501EA}.Release|Any CPU.ActiveCfg = Release|Any CPU
		{B2730484-AA1C-499C-A1D6-449C13A501EA}.Release|Any CPU.Build.0 = Release|Any CPU
		{0E98B7B5-73A5-44D0-BD64-C6313A84991E}.Debug|Any CPU.ActiveCfg = Debug|Any CPU
		{0E98B7B5-73A5-44D0-BD64-C6313A84991E}.Debug|Any CPU.Build.0 = Debug|Any CPU
		{0E98B7B5-73A5-44D0-BD64-C6313A84991E}.Deploy|Any CPU.ActiveCfg = Debug|Any CPU
		{0E98B7B5-73A5-44D0-BD64-C6313A84991E}.Deploy|Any CPU.Build.0 = Debug|Any CPU
		{0E98B7B5-73A5-44D0-BD64-C6313A84991E}.Release|Any CPU.ActiveCfg = Release|Any CPU
		{0E98B7B5-73A5-44D0-BD64-C6313A84991E}.Release|Any CPU.Build.0 = Release|Any CPU
		{EAE01EC9-F91D-4B72-A648-6AC96E688CCE}.Debug|Any CPU.ActiveCfg = Debug|Any CPU
		{EAE01EC9-F91D-4B72-A648-6AC96E688CCE}.Debug|Any CPU.Build.0 = Debug|Any CPU
		{EAE01EC9-F91D-4B72-A648-6AC96E688CCE}.Deploy|Any CPU.ActiveCfg = Deploy|Any CPU
		{EAE01EC9-F91D-4B72-A648-6AC96E688CCE}.Deploy|Any CPU.Build.0 = Deploy|Any CPU
		{EAE01EC9-F91D-4B72-A648-6AC96E688CCE}.Release|Any CPU.ActiveCfg = Release|Any CPU
		{EAE01EC9-F91D-4B72-A648-6AC96E688CCE}.Release|Any CPU.Build.0 = Release|Any CPU
		{2E5C85DA-32F0-43F1-83ED-026867AA2A6D}.Debug|Any CPU.ActiveCfg = Debug|Any CPU
		{2E5C85DA-32F0-43F1-83ED-026867AA2A6D}.Debug|Any CPU.Build.0 = Debug|Any CPU
		{2E5C85DA-32F0-43F1-83ED-026867AA2A6D}.Deploy|Any CPU.ActiveCfg = Debug|Any CPU
		{2E5C85DA-32F0-43F1-83ED-026867AA2A6D}.Deploy|Any CPU.Build.0 = Debug|Any CPU
		{2E5C85DA-32F0-43F1-83ED-026867AA2A6D}.Release|Any CPU.ActiveCfg = Release|Any CPU
		{2E5C85DA-32F0-43F1-83ED-026867AA2A6D}.Release|Any CPU.Build.0 = Release|Any CPU
		{F6BE5572-5E76-435F-B8F3-FC3B3EAF2DA7}.Debug|Any CPU.ActiveCfg = Debug|Any CPU
		{F6BE5572-5E76-435F-B8F3-FC3B3EAF2DA7}.Debug|Any CPU.Build.0 = Debug|Any CPU
		{F6BE5572-5E76-435F-B8F3-FC3B3EAF2DA7}.Deploy|Any CPU.ActiveCfg = Debug|Any CPU
		{F6BE5572-5E76-435F-B8F3-FC3B3EAF2DA7}.Deploy|Any CPU.Build.0 = Debug|Any CPU
		{F6BE5572-5E76-435F-B8F3-FC3B3EAF2DA7}.Release|Any CPU.ActiveCfg = Release|Any CPU
		{F6BE5572-5E76-435F-B8F3-FC3B3EAF2DA7}.Release|Any CPU.Build.0 = Release|Any CPU
		{EBB4EB71-3979-4C7A-A838-090E47750CEA}.Debug|Any CPU.ActiveCfg = Debug|Any CPU
		{EBB4EB71-3979-4C7A-A838-090E47750CEA}.Debug|Any CPU.Build.0 = Debug|Any CPU
		{EBB4EB71-3979-4C7A-A838-090E47750CEA}.Deploy|Any CPU.ActiveCfg = Debug|Any CPU
		{EBB4EB71-3979-4C7A-A838-090E47750CEA}.Deploy|Any CPU.Build.0 = Debug|Any CPU
		{EBB4EB71-3979-4C7A-A838-090E47750CEA}.Release|Any CPU.ActiveCfg = Release|Any CPU
		{EBB4EB71-3979-4C7A-A838-090E47750CEA}.Release|Any CPU.Build.0 = Release|Any CPU
		{1D3FBAA4-8CB4-45F1-8709-AF2FF1940EBB}.Debug|Any CPU.ActiveCfg = Debug|Any CPU
		{1D3FBAA4-8CB4-45F1-8709-AF2FF1940EBB}.Debug|Any CPU.Build.0 = Debug|Any CPU
		{1D3FBAA4-8CB4-45F1-8709-AF2FF1940EBB}.Deploy|Any CPU.ActiveCfg = Debug|Any CPU
		{1D3FBAA4-8CB4-45F1-8709-AF2FF1940EBB}.Deploy|Any CPU.Build.0 = Debug|Any CPU
		{1D3FBAA4-8CB4-45F1-8709-AF2FF1940EBB}.Release|Any CPU.ActiveCfg = Release|Any CPU
		{1D3FBAA4-8CB4-45F1-8709-AF2FF1940EBB}.Release|Any CPU.Build.0 = Release|Any CPU
		{0291FA3F-BF88-4E6C-8F61-D9030D66228B}.Debug|Any CPU.ActiveCfg = Debug|Any CPU
		{0291FA3F-BF88-4E6C-8F61-D9030D66228B}.Debug|Any CPU.Build.0 = Debug|Any CPU
		{0291FA3F-BF88-4E6C-8F61-D9030D66228B}.Deploy|Any CPU.ActiveCfg = Debug|Any CPU
		{0291FA3F-BF88-4E6C-8F61-D9030D66228B}.Deploy|Any CPU.Build.0 = Debug|Any CPU
		{0291FA3F-BF88-4E6C-8F61-D9030D66228B}.Release|Any CPU.ActiveCfg = Release|Any CPU
		{0291FA3F-BF88-4E6C-8F61-D9030D66228B}.Release|Any CPU.Build.0 = Release|Any CPU
	EndGlobalSection
	GlobalSection(SolutionProperties) = preSolution
		HideSolutionNode = FALSE
	EndGlobalSection
	GlobalSection(NestedProjects) = preSolution
		{4FF907DA-949F-4EBF-A805-A59215F16A7A} = {8A194A46-197E-4F1B-9370-895EB7D96CBF}
		{08C9837D-088B-4942-B656-EBBAC783F850} = {1C6F4BFC-DA5C-4FA1-920F-D3025E134011}
		{BAFA9145-D19C-4F31-9F1A-C937499E76D5} = {1C6F4BFC-DA5C-4FA1-920F-D3025E134011}
		{F56A1669-1009-4203-8045-C890F9F93A2E} = {1C6F4BFC-DA5C-4FA1-920F-D3025E134011}
		{FE5162CD-2C21-4718-A21A-A0D6268740F3} = {1C6F4BFC-DA5C-4FA1-920F-D3025E134011}
		{89BAD345-1DDC-436E-8328-560C18CB92DD} = {FE5162CD-2C21-4718-A21A-A0D6268740F3}
		{8E1020A7-E2F4-4B62-8051-EF2935A90749} = {FE5162CD-2C21-4718-A21A-A0D6268740F3}
		{86765896-3EC5-4010-A28A-716EB64A31F1} = {1C6F4BFC-DA5C-4FA1-920F-D3025E134011}
		{B2730484-AA1C-499C-A1D6-449C13A501EA} = {8A194A46-197E-4F1B-9370-895EB7D96CBF}
		{0E98B7B5-73A5-44D0-BD64-C6313A84991E} = {E30C8EC0-FFFB-4CF6-A070-9CFE246BA441}
		{EAE01EC9-F91D-4B72-A648-6AC96E688CCE} = {E30C8EC0-FFFB-4CF6-A070-9CFE246BA441}
		{2E5C85DA-32F0-43F1-83ED-026867AA2A6D} = {E30C8EC0-FFFB-4CF6-A070-9CFE246BA441}
		{F6BE5572-5E76-435F-B8F3-FC3B3EAF2DA7} = {FC59C841-07D1-40A6-A39A-4D183831D98F}
		{EBB4EB71-3979-4C7A-A838-090E47750CEA} = {821D12C1-1149-44E4-B2A9-EF0CBD4A4E58}
		{1D3FBAA4-8CB4-45F1-8709-AF2FF1940EBB} = {821D12C1-1149-44E4-B2A9-EF0CBD4A4E58}
		{0291FA3F-BF88-4E6C-8F61-D9030D66228B} = {821D12C1-1149-44E4-B2A9-EF0CBD4A4E58}
	EndGlobalSection
EndGlobal
